{
  "name": "sokora",
  "version": "0.1.0",
  "lockfileVersion": 2,
  "requires": true,
  "packages": {
    "": {
      "name": "sokora",
      "version": "0.1.0",
      "dependencies": {
        "discord.js": "^14.16.1",
        "ms": "^2.1.3",
        "node-vibrant": "^3.2.1-alpha.1",
        "sharp": "^0.33.5"
      },
      "devDependencies": {
        "@types/ms": "^0.7.34",
        "bun-types": "^1.1.27",
        "typescript": "^5.5.4"
      }
    },
    "node_modules/@babel/runtime": {
      "version": "7.23.8",
      "license": "MIT",
      "dependencies": {
        "regenerator-runtime": "^0.14.0"
      },
      "engines": {
        "node": ">=6.9.0"
      }
    },
    "node_modules/@discordjs/builders": {
      "version": "1.9.0",
      "license": "Apache-2.0",
      "dependencies": {
        "@discordjs/formatters": "^0.5.0",
        "@discordjs/util": "^1.1.1",
        "@sapphire/shapeshift": "^4.0.0",
        "discord-api-types": "0.37.97",
        "fast-deep-equal": "^3.1.3",
        "ts-mixer": "^6.0.4",
        "tslib": "^2.6.3"
      },
      "engines": {
        "node": ">=18"
      },
      "funding": {
        "url": "https://github.com/discordjs/discord.js?sponsor"
      }
    },
    "node_modules/@discordjs/collection": {
      "version": "1.5.3",
      "license": "Apache-2.0",
      "engines": {
        "node": ">=16.11.0"
      }
    },
    "node_modules/@discordjs/formatters": {
      "version": "0.5.0",
      "license": "Apache-2.0",
      "dependencies": {
        "discord-api-types": "0.37.97"
      },
      "engines": {
        "node": ">=18"
      },
      "funding": {
        "url": "https://github.com/discordjs/discord.js?sponsor"
      }
    },
    "node_modules/@discordjs/rest": {
      "version": "2.4.0",
      "license": "Apache-2.0",
      "dependencies": {
        "@discordjs/collection": "^2.1.1",
        "@discordjs/util": "^1.1.1",
        "@sapphire/async-queue": "^1.5.3",
        "@sapphire/snowflake": "^3.5.3",
        "@vladfrangu/async_event_emitter": "^2.4.6",
        "discord-api-types": "0.37.97",
        "magic-bytes.js": "^1.10.0",
        "tslib": "^2.6.3",
        "undici": "6.19.8"
      },
      "engines": {
        "node": ">=18"
      },
      "funding": {
        "url": "https://github.com/discordjs/discord.js?sponsor"
      }
    },
    "node_modules/@discordjs/rest/node_modules/@discordjs/collection": {
      "version": "2.1.1",
      "license": "Apache-2.0",
      "engines": {
        "node": ">=18"
      },
      "funding": {
        "url": "https://github.com/discordjs/discord.js?sponsor"
      }
    },
    "node_modules/@discordjs/rest/node_modules/@sapphire/async-queue": {
      "version": "1.5.3",
      "license": "MIT",
      "engines": {
        "node": ">=v14.0.0",
        "npm": ">=7.0.0"
      }
    },
    "node_modules/@discordjs/rest/node_modules/@vladfrangu/async_event_emitter": {
      "version": "2.4.6",
      "license": "MIT",
      "engines": {
        "node": ">=v14.0.0",
        "npm": ">=7.0.0"
      }
    },
    "node_modules/@discordjs/util": {
      "version": "1.1.1",
      "license": "Apache-2.0",
      "engines": {
        "node": ">=18"
      },
      "funding": {
        "url": "https://github.com/discordjs/discord.js?sponsor"
      }
    },
    "node_modules/@discordjs/ws": {
      "version": "1.1.1",
      "license": "Apache-2.0",
      "dependencies": {
        "@discordjs/collection": "^2.1.0",
        "@discordjs/rest": "^2.3.0",
        "@discordjs/util": "^1.1.0",
        "@sapphire/async-queue": "^1.5.2",
        "@types/ws": "^8.5.10",
        "@vladfrangu/async_event_emitter": "^2.2.4",
        "discord-api-types": "0.37.83",
        "tslib": "^2.6.2",
        "ws": "^8.16.0"
      },
      "engines": {
        "node": ">=16.11.0"
      },
      "funding": {
        "url": "https://github.com/discordjs/discord.js?sponsor"
      }
    },
    "node_modules/@discordjs/ws/node_modules/@discordjs/collection": {
      "version": "2.1.0",
      "license": "Apache-2.0",
      "engines": {
        "node": ">=18"
      },
      "funding": {
        "url": "https://github.com/discordjs/discord.js?sponsor"
      }
    },
    "node_modules/@discordjs/ws/node_modules/@discordjs/rest": {
      "version": "2.3.0",
      "license": "Apache-2.0",
      "dependencies": {
        "@discordjs/collection": "^2.1.0",
        "@discordjs/util": "^1.1.0",
        "@sapphire/async-queue": "^1.5.2",
        "@sapphire/snowflake": "^3.5.3",
        "@vladfrangu/async_event_emitter": "^2.2.4",
        "discord-api-types": "0.37.83",
        "magic-bytes.js": "^1.10.0",
        "tslib": "^2.6.2",
        "undici": "6.13.0"
      },
      "engines": {
        "node": ">=16.11.0"
      },
      "funding": {
        "url": "https://github.com/discordjs/discord.js?sponsor"
      }
    },
    "node_modules/@discordjs/ws/node_modules/@discordjs/rest/node_modules/undici": {
      "version": "6.13.0",
      "license": "MIT",
      "engines": {
        "node": ">=18.0"
      }
    },
    "node_modules/@discordjs/ws/node_modules/@discordjs/util": {
      "version": "1.1.0",
      "license": "Apache-2.0",
      "engines": {
        "node": ">=16.11.0"
      },
      "funding": {
        "url": "https://github.com/discordjs/discord.js?sponsor"
      }
    },
    "node_modules/@discordjs/ws/node_modules/discord-api-types": {
      "version": "0.37.83",
      "license": "MIT"
    },
    "node_modules/@discordjs/ws/node_modules/tslib": {
      "version": "2.6.2",
      "license": "0BSD"
    },
    "node_modules/@img/sharp-win32-x64": {
      "version": "0.33.5",
      "cpu": [
        "x64"
      ],
      "license": "Apache-2.0 AND LGPL-3.0-or-later",
      "optional": true,
      "os": [
        "win32"
      ],
      "engines": {
        "node": "^18.17.0 || ^20.3.0 || >=21.0.0"
      },
      "funding": {
        "url": "https://opencollective.com/libvips"
      }
    },
    "node_modules/@jimp/bmp": {
      "version": "0.16.13",
      "license": "MIT",
      "dependencies": {
        "@babel/runtime": "^7.7.2",
        "@jimp/utils": "^0.16.13",
        "bmp-js": "^0.1.0"
      },
      "peerDependencies": {
        "@jimp/custom": ">=0.3.5"
      }
    },
    "node_modules/@jimp/core": {
      "version": "0.16.13",
      "license": "MIT",
      "dependencies": {
        "@babel/runtime": "^7.7.2",
        "@jimp/utils": "^0.16.13",
        "any-base": "^1.1.0",
        "buffer": "^5.2.0",
        "exif-parser": "^0.1.12",
        "file-type": "^16.5.4",
        "load-bmfont": "^1.3.1",
        "mkdirp": "^0.5.1",
        "phin": "^2.9.1",
        "pixelmatch": "^4.0.2",
        "tinycolor2": "^1.4.1"
      }
    },
    "node_modules/@jimp/custom": {
      "version": "0.16.13",
      "license": "MIT",
      "dependencies": {
        "@babel/runtime": "^7.7.2",
        "@jimp/core": "^0.16.13"
      }
    },
    "node_modules/@jimp/gif": {
      "version": "0.16.13",
      "license": "MIT",
      "dependencies": {
        "@babel/runtime": "^7.7.2",
        "@jimp/utils": "^0.16.13",
        "gifwrap": "^0.9.2",
        "omggif": "^1.0.9"
      },
      "peerDependencies": {
        "@jimp/custom": ">=0.3.5"
      }
    },
    "node_modules/@jimp/jpeg": {
      "version": "0.16.13",
      "license": "MIT",
      "dependencies": {
        "@babel/runtime": "^7.7.2",
        "@jimp/utils": "^0.16.13",
        "jpeg-js": "^0.4.2"
      },
      "peerDependencies": {
        "@jimp/custom": ">=0.3.5"
      }
    },
    "node_modules/@jimp/plugin-resize": {
      "version": "0.16.13",
      "license": "MIT",
      "dependencies": {
        "@babel/runtime": "^7.7.2",
        "@jimp/utils": "^0.16.13"
      },
      "peerDependencies": {
        "@jimp/custom": ">=0.3.5"
      }
    },
    "node_modules/@jimp/png": {
      "version": "0.16.13",
      "license": "MIT",
      "dependencies": {
        "@babel/runtime": "^7.7.2",
        "@jimp/utils": "^0.16.13",
        "pngjs": "^3.3.3"
      },
      "peerDependencies": {
        "@jimp/custom": ">=0.3.5"
      }
    },
    "node_modules/@jimp/tiff": {
      "version": "0.16.13",
      "license": "MIT",
      "dependencies": {
        "@babel/runtime": "^7.7.2",
        "utif": "^2.0.1"
      },
      "peerDependencies": {
        "@jimp/custom": ">=0.3.5"
      }
    },
    "node_modules/@jimp/types": {
      "version": "0.16.13",
      "license": "MIT",
      "dependencies": {
        "@babel/runtime": "^7.7.2",
        "@jimp/bmp": "^0.16.13",
        "@jimp/gif": "^0.16.13",
        "@jimp/jpeg": "^0.16.13",
        "@jimp/png": "^0.16.13",
        "@jimp/tiff": "^0.16.13",
        "timm": "^1.6.1"
      },
      "peerDependencies": {
        "@jimp/custom": ">=0.3.5"
      }
    },
    "node_modules/@jimp/utils": {
      "version": "0.16.13",
      "license": "MIT",
      "dependencies": {
        "@babel/runtime": "^7.7.2",
        "regenerator-runtime": "^0.13.3"
      }
    },
    "node_modules/@jimp/utils/node_modules/regenerator-runtime": {
      "version": "0.13.11",
      "license": "MIT"
    },
    "node_modules/@sapphire/async-queue": {
      "version": "1.5.2",
      "license": "MIT",
      "engines": {
        "node": ">=v14.0.0",
        "npm": ">=7.0.0"
      }
    },
    "node_modules/@sapphire/shapeshift": {
      "version": "4.0.0",
      "license": "MIT",
      "dependencies": {
        "fast-deep-equal": "^3.1.3",
        "lodash": "^4.17.21"
      },
      "engines": {
        "node": ">=v16"
      }
    },
    "node_modules/@sapphire/snowflake": {
      "version": "3.5.3",
      "license": "MIT",
      "engines": {
        "node": ">=v14.0.0",
        "npm": ">=7.0.0"
      }
    },
    "node_modules/@tokenizer/token": {
      "version": "0.3.0",
      "license": "MIT"
    },
    "node_modules/@types/ms": {
      "version": "0.7.34",
      "resolved": "https://registry.npmjs.org/@types/ms/-/ms-0.7.34.tgz",
      "integrity": "sha512-nG96G3Wp6acyAgJqGasjODb+acrI7KltPiRxzHPXnP3NgI28bpQDRv53olbqGXbfcgF5aiiHmO3xpwEpS5Ld9g==",
      "dev": true
    },
    "node_modules/@types/node": {
      "version": "20.12.12",
      "dev": true,
      "license": "MIT",
      "dependencies": {
        "undici-types": "~5.26.4"
      }
    },
    "node_modules/@types/ws": {
      "version": "8.5.10",
      "license": "MIT",
      "dependencies": {
        "@types/node": "*"
      }
    },
    "node_modules/@types/ws/node_modules/@types/node": {
      "version": "20.11.5",
      "license": "MIT",
      "dependencies": {
        "undici-types": "~5.26.4"
      }
    },
    "node_modules/@vibrant/color": {
      "version": "3.2.1-alpha.1",
      "license": "MIT"
    },
    "node_modules/@vibrant/core": {
      "version": "3.2.1-alpha.1",
      "license": "MIT",
      "dependencies": {
        "@vibrant/color": "^3.2.1-alpha.1",
        "@vibrant/generator": "^3.2.1-alpha.1",
        "@vibrant/image": "^3.2.1-alpha.1",
        "@vibrant/quantizer": "^3.2.1-alpha.1",
        "@vibrant/types": "^3.2.1-alpha.1",
        "@vibrant/worker": "^3.2.1-alpha.1"
      }
    },
    "node_modules/@vibrant/generator": {
      "version": "3.2.1-alpha.1",
      "license": "MIT",
      "dependencies": {
        "@vibrant/color": "^3.2.1-alpha.1",
        "@vibrant/types": "^3.2.1-alpha.1"
      }
    },
    "node_modules/@vibrant/generator-default": {
      "version": "3.2.1-alpha.1",
      "license": "MIT",
      "dependencies": {
        "@vibrant/color": "^3.2.1-alpha.1",
        "@vibrant/generator": "^3.2.1-alpha.1"
      }
    },
    "node_modules/@vibrant/image": {
      "version": "3.2.1-alpha.1",
      "license": "MIT",
      "dependencies": {
        "@vibrant/color": "^3.2.1-alpha.1",
        "@vibrant/types": "^3.2.1-alpha.1"
      }
    },
    "node_modules/@vibrant/image-browser": {
      "version": "3.2.1-alpha.1",
      "license": "MIT",
      "dependencies": {
        "@vibrant/image": "^3.2.1-alpha.1"
      }
    },
    "node_modules/@vibrant/image-node": {
      "version": "3.2.1-alpha.1",
      "license": "MIT",
      "dependencies": {
        "@jimp/custom": "^0.16.1",
        "@jimp/plugin-resize": "^0.16.1",
        "@jimp/types": "^0.16.1",
        "@vibrant/image": "^3.2.1-alpha.1"
      }
    },
    "node_modules/@vibrant/quantizer": {
      "version": "3.2.1-alpha.1",
      "license": "MIT",
      "dependencies": {
        "@vibrant/color": "^3.2.1-alpha.1",
        "@vibrant/image": "^3.2.1-alpha.1",
        "@vibrant/types": "^3.2.1-alpha.1"
      }
    },
    "node_modules/@vibrant/quantizer-mmcq": {
      "version": "3.2.1-alpha.1",
      "license": "MIT",
      "dependencies": {
        "@vibrant/color": "^3.2.1-alpha.1",
        "@vibrant/image": "^3.2.1-alpha.1",
        "@vibrant/quantizer": "^3.2.1-alpha.1"
      }
    },
    "node_modules/@vibrant/types": {
      "version": "3.2.1-alpha.1",
      "license": "MIT"
    },
    "node_modules/@vibrant/worker": {
      "version": "3.2.1-alpha.1",
      "license": "MIT",
      "dependencies": {
        "@vibrant/types": "^3.2.1-alpha.1"
      }
    },
    "node_modules/@vladfrangu/async_event_emitter": {
      "version": "2.2.4",
      "license": "MIT",
      "engines": {
        "node": ">=v14.0.0",
        "npm": ">=7.0.0"
      }
    },
    "node_modules/any-base": {
      "version": "1.1.0",
      "license": "MIT"
    },
    "node_modules/base64-js": {
      "version": "1.5.1",
      "funding": [
        {
          "type": "github",
          "url": "https://github.com/sponsors/feross"
        },
        {
          "type": "patreon",
          "url": "https://www.patreon.com/feross"
        },
        {
          "type": "consulting",
          "url": "https://feross.org/support"
        }
      ],
      "license": "MIT"
    },
    "node_modules/bmp-js": {
      "version": "0.1.0",
      "license": "MIT"
    },
    "node_modules/buffer": {
      "version": "5.7.1",
      "funding": [
        {
          "type": "github",
          "url": "https://github.com/sponsors/feross"
        },
        {
          "type": "patreon",
          "url": "https://www.patreon.com/feross"
        },
        {
          "type": "consulting",
          "url": "https://feross.org/support"
        }
      ],
      "license": "MIT",
      "dependencies": {
        "base64-js": "^1.3.1",
        "ieee754": "^1.1.13"
      }
    },
    "node_modules/buffer-equal": {
      "version": "0.0.1",
      "license": "MIT",
      "engines": {
        "node": ">=0.4.0"
      }
    },
    "node_modules/bun-types": {
      "version": "1.1.27",
      "dev": true,
      "license": "MIT",
      "dependencies": {
        "@types/node": "~20.12.8",
        "@types/ws": "~8.5.10"
      }
    },
    "node_modules/call-bind": {
      "version": "1.0.5",
      "license": "MIT",
      "dependencies": {
        "function-bind": "^1.1.2",
        "get-intrinsic": "^1.2.1",
        "set-function-length": "^1.1.1"
      },
      "funding": {
        "url": "https://github.com/sponsors/ljharb"
      }
    },
    "node_modules/color": {
      "version": "4.2.3",
      "license": "MIT",
      "dependencies": {
        "color-convert": "^2.0.1",
        "color-string": "^1.9.0"
      },
      "engines": {
        "node": ">=12.5.0"
      }
    },
    "node_modules/color-convert": {
      "version": "2.0.1",
      "license": "MIT",
      "dependencies": {
        "color-name": "~1.1.4"
      },
      "engines": {
        "node": ">=7.0.0"
      }
    },
    "node_modules/color-name": {
      "version": "1.1.4",
      "license": "MIT"
    },
    "node_modules/color-string": {
      "version": "1.9.1",
      "license": "MIT",
      "dependencies": {
        "color-name": "^1.0.0",
        "simple-swizzle": "^0.2.2"
      }
    },
    "node_modules/define-data-property": {
      "version": "1.1.1",
      "license": "MIT",
      "dependencies": {
        "get-intrinsic": "^1.2.1",
        "gopd": "^1.0.1",
        "has-property-descriptors": "^1.0.0"
      },
      "engines": {
        "node": ">= 0.4"
      }
    },
    "node_modules/detect-libc": {
      "version": "2.0.3",
      "license": "Apache-2.0",
      "engines": {
        "node": ">=8"
      }
    },
    "node_modules/discord-api-types": {
      "version": "0.37.97",
      "license": "MIT"
    },
    "node_modules/discord.js": {
      "version": "14.16.1",
      "license": "Apache-2.0",
      "dependencies": {
        "@discordjs/builders": "^1.9.0",
        "@discordjs/collection": "1.5.3",
        "@discordjs/formatters": "^0.5.0",
        "@discordjs/rest": "^2.4.0",
        "@discordjs/util": "^1.1.1",
        "@discordjs/ws": "1.1.1",
        "@sapphire/snowflake": "3.5.3",
        "discord-api-types": "0.37.97",
        "fast-deep-equal": "3.1.3",
        "lodash.snakecase": "4.1.1",
        "tslib": "^2.6.3",
        "undici": "6.19.8"
      },
      "engines": {
        "node": ">=18"
      },
      "funding": {
        "url": "https://github.com/discordjs/discord.js?sponsor"
      }
    },
    "node_modules/dom-walk": {
      "version": "0.1.2"
    },
    "node_modules/exif-parser": {
      "version": "0.1.12"
    },
    "node_modules/fast-deep-equal": {
      "version": "3.1.3",
      "license": "MIT"
    },
    "node_modules/file-type": {
      "version": "16.5.4",
      "license": "MIT",
      "dependencies": {
        "readable-web-to-node-stream": "^3.0.0",
        "strtok3": "^6.2.4",
        "token-types": "^4.1.1"
      },
      "engines": {
        "node": ">=10"
      },
      "funding": {
        "url": "https://github.com/sindresorhus/file-type?sponsor=1"
      }
    },
    "node_modules/function-bind": {
      "version": "1.1.2",
      "license": "MIT",
      "funding": {
        "url": "https://github.com/sponsors/ljharb"
      }
    },
    "node_modules/get-intrinsic": {
      "version": "1.2.2",
      "license": "MIT",
      "dependencies": {
        "function-bind": "^1.1.2",
        "has-proto": "^1.0.1",
        "has-symbols": "^1.0.3",
        "hasown": "^2.0.0"
      },
      "funding": {
        "url": "https://github.com/sponsors/ljharb"
      }
    },
    "node_modules/gifwrap": {
      "version": "0.9.4",
      "license": "MIT",
      "dependencies": {
        "image-q": "^4.0.0",
        "omggif": "^1.0.10"
      }
    },
    "node_modules/global": {
      "version": "4.4.0",
      "license": "MIT",
      "dependencies": {
        "min-document": "^2.19.0",
        "process": "^0.11.10"
      }
    },
    "node_modules/gopd": {
      "version": "1.0.1",
      "license": "MIT",
      "dependencies": {
        "get-intrinsic": "^1.1.3"
      },
      "funding": {
        "url": "https://github.com/sponsors/ljharb"
      }
    },
    "node_modules/has-property-descriptors": {
      "version": "1.0.1",
      "license": "MIT",
      "dependencies": {
        "get-intrinsic": "^1.2.2"
      },
      "funding": {
        "url": "https://github.com/sponsors/ljharb"
      }
    },
    "node_modules/has-proto": {
      "version": "1.0.1",
      "license": "MIT",
      "engines": {
        "node": ">= 0.4"
      },
      "funding": {
        "url": "https://github.com/sponsors/ljharb"
      }
    },
    "node_modules/has-symbols": {
      "version": "1.0.3",
      "license": "MIT",
      "engines": {
        "node": ">= 0.4"
      },
      "funding": {
        "url": "https://github.com/sponsors/ljharb"
      }
    },
    "node_modules/hasown": {
      "version": "2.0.0",
      "license": "MIT",
      "dependencies": {
        "function-bind": "^1.1.2"
      },
      "engines": {
        "node": ">= 0.4"
      }
    },
    "node_modules/ieee754": {
      "version": "1.2.1",
      "funding": [
        {
          "type": "github",
          "url": "https://github.com/sponsors/feross"
        },
        {
          "type": "patreon",
          "url": "https://www.patreon.com/feross"
        },
        {
          "type": "consulting",
          "url": "https://feross.org/support"
        }
      ],
      "license": "BSD-3-Clause"
    },
    "node_modules/image-q": {
      "version": "4.0.0",
      "license": "MIT",
      "dependencies": {
        "@types/node": "16.9.1"
      }
    },
    "node_modules/image-q/node_modules/@types/node": {
      "version": "16.9.1",
      "license": "MIT"
    },
    "node_modules/inherits": {
      "version": "2.0.4",
      "license": "ISC"
    },
    "node_modules/is-arrayish": {
      "version": "0.3.2",
      "license": "MIT"
    },
    "node_modules/is-function": {
      "version": "1.0.2",
      "license": "MIT"
    },
    "node_modules/jpeg-js": {
      "version": "0.4.4",
      "license": "BSD-3-Clause"
    },
    "node_modules/load-bmfont": {
      "version": "1.4.1",
      "license": "MIT",
      "dependencies": {
        "buffer-equal": "0.0.1",
        "mime": "^1.3.4",
        "parse-bmfont-ascii": "^1.0.3",
        "parse-bmfont-binary": "^1.0.5",
        "parse-bmfont-xml": "^1.1.4",
        "phin": "^2.9.1",
        "xhr": "^2.0.1",
        "xtend": "^4.0.0"
      }
    },
    "node_modules/lodash": {
      "version": "4.17.21",
      "license": "MIT"
    },
    "node_modules/lodash.snakecase": {
      "version": "4.1.1",
      "license": "MIT"
    },
    "node_modules/magic-bytes.js": {
      "version": "1.10.0",
      "license": "MIT"
    },
    "node_modules/mime": {
      "version": "1.6.0",
      "license": "MIT",
      "bin": {
        "mime": "cli.js"
      },
      "engines": {
        "node": ">=4"
      }
    },
    "node_modules/min-document": {
      "version": "2.19.0",
      "dependencies": {
        "dom-walk": "^0.1.0"
      }
    },
    "node_modules/minimist": {
      "version": "1.2.8",
      "license": "MIT",
      "funding": {
        "url": "https://github.com/sponsors/ljharb"
      }
    },
    "node_modules/mkdirp": {
      "version": "0.5.6",
      "license": "MIT",
      "dependencies": {
        "minimist": "^1.2.6"
      },
      "bin": {
        "mkdirp": "bin/cmd.js"
      }
    },
    "node_modules/ms": {
      "version": "2.1.3",
      "license": "MIT"
    },
    "node_modules/node-vibrant": {
      "version": "3.2.1-alpha.1",
      "license": "MIT",
      "dependencies": {
        "@types/node": "^10.12.18",
        "@vibrant/core": "^3.2.1-alpha.1",
        "@vibrant/generator-default": "^3.2.1-alpha.1",
        "@vibrant/image-browser": "^3.2.1-alpha.1",
        "@vibrant/image-node": "^3.2.1-alpha.1",
        "@vibrant/quantizer-mmcq": "^3.2.1-alpha.1",
        "url": "^0.11.0"
      }
    },
    "node_modules/node-vibrant/node_modules/@types/node": {
      "version": "10.17.60",
      "license": "MIT"
    },
    "node_modules/object-inspect": {
      "version": "1.13.1",
      "license": "MIT",
      "funding": {
        "url": "https://github.com/sponsors/ljharb"
      }
    },
    "node_modules/omggif": {
      "version": "1.0.10",
      "license": "MIT"
    },
    "node_modules/pako": {
      "version": "1.0.11",
      "license": "(MIT AND Zlib)"
    },
    "node_modules/parse-bmfont-ascii": {
      "version": "1.0.6",
      "license": "MIT"
    },
    "node_modules/parse-bmfont-binary": {
      "version": "1.0.6",
      "license": "MIT"
    },
    "node_modules/parse-bmfont-xml": {
      "version": "1.1.4",
      "license": "MIT",
      "dependencies": {
        "xml-parse-from-string": "^1.0.0",
        "xml2js": "^0.4.5"
      }
    },
    "node_modules/parse-headers": {
      "version": "2.0.5",
      "license": "MIT"
    },
    "node_modules/peek-readable": {
      "version": "4.1.0",
      "license": "MIT",
      "engines": {
        "node": ">=8"
      },
      "funding": {
        "type": "github",
        "url": "https://github.com/sponsors/Borewit"
      }
    },
    "node_modules/phin": {
      "version": "2.9.3",
      "license": "MIT"
    },
    "node_modules/pixelmatch": {
      "version": "4.0.2",
      "license": "ISC",
      "dependencies": {
        "pngjs": "^3.0.0"
      },
      "bin": {
        "pixelmatch": "bin/pixelmatch"
      }
    },
    "node_modules/pngjs": {
      "version": "3.4.0",
      "license": "MIT",
      "engines": {
        "node": ">=4.0.0"
      }
    },
    "node_modules/process": {
      "version": "0.11.10",
      "license": "MIT",
      "engines": {
        "node": ">= 0.6.0"
      }
    },
    "node_modules/punycode": {
      "version": "1.4.1",
      "license": "MIT"
    },
    "node_modules/qs": {
      "version": "6.11.2",
      "license": "BSD-3-Clause",
      "dependencies": {
        "side-channel": "^1.0.4"
      },
      "engines": {
        "node": ">=0.6"
      },
      "funding": {
        "url": "https://github.com/sponsors/ljharb"
      }
    },
    "node_modules/readable-stream": {
      "version": "3.6.2",
      "license": "MIT",
      "dependencies": {
        "inherits": "^2.0.3",
        "string_decoder": "^1.1.1",
        "util-deprecate": "^1.0.1"
      },
      "engines": {
        "node": ">= 6"
      }
    },
    "node_modules/readable-web-to-node-stream": {
      "version": "3.0.2",
      "license": "MIT",
      "dependencies": {
        "readable-stream": "^3.6.0"
      },
      "engines": {
        "node": ">=8"
      },
      "funding": {
        "type": "github",
        "url": "https://github.com/sponsors/Borewit"
      }
    },
    "node_modules/regenerator-runtime": {
      "version": "0.14.1",
      "license": "MIT"
    },
    "node_modules/safe-buffer": {
      "version": "5.2.1",
      "funding": [
        {
          "type": "github",
          "url": "https://github.com/sponsors/feross"
        },
        {
          "type": "patreon",
          "url": "https://www.patreon.com/feross"
        },
        {
          "type": "consulting",
          "url": "https://feross.org/support"
        }
      ],
      "license": "MIT"
    },
    "node_modules/sax": {
      "version": "1.3.0",
      "license": "ISC"
    },
    "node_modules/semver": {
      "version": "7.6.3",
      "license": "ISC",
      "bin": {
        "semver": "bin/semver.js"
      },
      "engines": {
        "node": ">=10"
      }
    },
    "node_modules/set-function-length": {
      "version": "1.2.0",
      "license": "MIT",
      "dependencies": {
        "define-data-property": "^1.1.1",
        "function-bind": "^1.1.2",
        "get-intrinsic": "^1.2.2",
        "gopd": "^1.0.1",
        "has-property-descriptors": "^1.0.1"
      },
      "engines": {
        "node": ">= 0.4"
      }
    },
    "node_modules/sharp": {
      "version": "0.33.5",
      "hasInstallScript": true,
      "license": "Apache-2.0",
      "dependencies": {
        "color": "^4.2.3",
        "detect-libc": "^2.0.3",
        "semver": "^7.6.3"
      },
      "engines": {
        "node": "^18.17.0 || ^20.3.0 || >=21.0.0"
      },
      "funding": {
        "url": "https://opencollective.com/libvips"
      },
      "optionalDependencies": {
        "@img/sharp-darwin-arm64": "0.33.5",
        "@img/sharp-darwin-x64": "0.33.5",
        "@img/sharp-libvips-darwin-arm64": "1.0.4",
        "@img/sharp-libvips-darwin-x64": "1.0.4",
        "@img/sharp-libvips-linux-arm": "1.0.5",
        "@img/sharp-libvips-linux-arm64": "1.0.4",
        "@img/sharp-libvips-linux-s390x": "1.0.4",
        "@img/sharp-libvips-linux-x64": "1.0.4",
        "@img/sharp-libvips-linuxmusl-arm64": "1.0.4",
        "@img/sharp-libvips-linuxmusl-x64": "1.0.4",
        "@img/sharp-linux-arm": "0.33.5",
        "@img/sharp-linux-arm64": "0.33.5",
        "@img/sharp-linux-s390x": "0.33.5",
        "@img/sharp-linux-x64": "0.33.5",
        "@img/sharp-linuxmusl-arm64": "0.33.5",
        "@img/sharp-linuxmusl-x64": "0.33.5",
        "@img/sharp-wasm32": "0.33.5",
        "@img/sharp-win32-ia32": "0.33.5",
        "@img/sharp-win32-x64": "0.33.5"
      }
    },
    "node_modules/side-channel": {
      "version": "1.0.4",
      "license": "MIT",
      "dependencies": {
        "call-bind": "^1.0.0",
        "get-intrinsic": "^1.0.2",
        "object-inspect": "^1.9.0"
      },
      "funding": {
        "url": "https://github.com/sponsors/ljharb"
      }
    },
    "node_modules/simple-swizzle": {
      "version": "0.2.2",
      "license": "MIT",
      "dependencies": {
        "is-arrayish": "^0.3.1"
      }
    },
    "node_modules/string_decoder": {
      "version": "1.3.0",
      "license": "MIT",
      "dependencies": {
        "safe-buffer": "~5.2.0"
      }
    },
    "node_modules/strtok3": {
      "version": "6.3.0",
      "license": "MIT",
      "dependencies": {
        "@tokenizer/token": "^0.3.0",
        "peek-readable": "^4.1.0"
      },
      "engines": {
        "node": ">=10"
      },
      "funding": {
        "type": "github",
        "url": "https://github.com/sponsors/Borewit"
      }
    },
    "node_modules/timm": {
      "version": "1.7.1",
      "license": "MIT"
    },
    "node_modules/tinycolor2": {
      "version": "1.6.0",
      "license": "MIT"
    },
    "node_modules/token-types": {
      "version": "4.2.1",
      "license": "MIT",
      "dependencies": {
        "@tokenizer/token": "^0.3.0",
        "ieee754": "^1.2.1"
      },
      "engines": {
        "node": ">=10"
      },
      "funding": {
        "type": "github",
        "url": "https://github.com/sponsors/Borewit"
      }
    },
    "node_modules/ts-mixer": {
      "version": "6.0.4",
      "license": "MIT"
    },
    "node_modules/tslib": {
      "version": "2.7.0",
      "license": "0BSD"
    },
    "node_modules/typescript": {
      "version": "5.5.4",
      "dev": true,
      "license": "Apache-2.0",
      "bin": {
        "tsc": "bin/tsc",
        "tsserver": "bin/tsserver"
      },
      "engines": {
        "node": ">=14.17"
      }
    },
    "node_modules/undici": {
      "version": "6.19.8",
      "license": "MIT",
      "engines": {
        "node": ">=18.17"
      }
    },
    "node_modules/undici-types": {
      "version": "5.26.5",
      "license": "MIT"
    },
    "node_modules/url": {
      "version": "0.11.3",
      "license": "MIT",
      "dependencies": {
        "punycode": "^1.4.1",
        "qs": "^6.11.2"
      }
    },
    "node_modules/utif": {
      "version": "2.0.1",
      "license": "MIT",
      "dependencies": {
        "pako": "^1.0.5"
      }
    },
    "node_modules/util-deprecate": {
      "version": "1.0.2",
      "license": "MIT"
    },
    "node_modules/ws": {
      "version": "8.17.0",
      "license": "MIT",
      "engines": {
        "node": ">=10.0.0"
      },
      "peerDependencies": {
        "bufferutil": "^4.0.1",
        "utf-8-validate": ">=5.0.2"
      },
      "peerDependenciesMeta": {
        "bufferutil": {
          "optional": true
        },
        "utf-8-validate": {
          "optional": true
        }
      }
    },
    "node_modules/xhr": {
      "version": "2.6.0",
      "license": "MIT",
      "dependencies": {
        "global": "~4.4.0",
        "is-function": "^1.0.1",
        "parse-headers": "^2.0.0",
        "xtend": "^4.0.0"
      }
    },
    "node_modules/xml-parse-from-string": {
      "version": "1.0.1",
      "license": "MIT"
    },
    "node_modules/xml2js": {
      "version": "0.4.23",
      "license": "MIT",
      "dependencies": {
        "sax": ">=0.6.0",
        "xmlbuilder": "~11.0.0"
      },
      "engines": {
        "node": ">=4.0.0"
      }
    },
    "node_modules/xmlbuilder": {
      "version": "11.0.1",
      "license": "MIT",
      "engines": {
        "node": ">=4.0"
      }
    },
    "node_modules/xtend": {
      "version": "4.0.2",
      "license": "MIT",
      "engines": {
        "node": ">=0.4"
      }
    }
  },
  "dependencies": {
    "@babel/runtime": {
      "version": "7.23.8",
      "requires": {
        "regenerator-runtime": "^0.14.0"
      }
    },
    "@discordjs/builders": {
      "version": "1.9.0",
      "requires": {
        "@discordjs/formatters": "^0.5.0",
        "@discordjs/util": "^1.1.1",
        "@sapphire/shapeshift": "^4.0.0",
        "discord-api-types": "0.37.97",
        "fast-deep-equal": "^3.1.3",
        "ts-mixer": "^6.0.4",
        "tslib": "^2.6.3"
      }
    },
    "@discordjs/collection": {
      "version": "1.5.3"
    },
    "@discordjs/formatters": {
      "version": "0.5.0",
      "requires": {
        "discord-api-types": "0.37.97"
      }
    },
    "@discordjs/rest": {
      "version": "2.4.0",
      "requires": {
        "@discordjs/collection": "^2.1.1",
        "@discordjs/util": "^1.1.1",
        "@sapphire/async-queue": "^1.5.3",
        "@sapphire/snowflake": "^3.5.3",
        "@vladfrangu/async_event_emitter": "^2.4.6",
        "discord-api-types": "0.37.97",
        "magic-bytes.js": "^1.10.0",
        "tslib": "^2.6.3",
        "undici": "6.19.8"
      },
      "dependencies": {
        "@discordjs/collection": {
          "version": "2.1.1"
        },
        "@sapphire/async-queue": {
          "version": "1.5.3"
        },
        "@vladfrangu/async_event_emitter": {
          "version": "2.4.6"
        }
      }
    },
    "@discordjs/util": {
      "version": "1.1.1"
    },
    "@discordjs/ws": {
      "version": "1.1.1",
      "requires": {
        "@discordjs/collection": "^2.1.0",
        "@discordjs/rest": "^2.3.0",
        "@discordjs/util": "^1.1.0",
        "@sapphire/async-queue": "^1.5.2",
        "@types/ws": "^8.5.10",
        "@vladfrangu/async_event_emitter": "^2.2.4",
        "discord-api-types": "0.37.83",
        "tslib": "^2.6.2",
        "ws": "^8.16.0"
      },
      "dependencies": {
        "@discordjs/collection": {
          "version": "2.1.0"
        },
        "@discordjs/rest": {
          "version": "2.3.0",
          "requires": {
            "@discordjs/collection": "^2.1.0",
            "@discordjs/util": "^1.1.0",
            "@sapphire/async-queue": "^1.5.2",
            "@sapphire/snowflake": "^3.5.3",
            "@vladfrangu/async_event_emitter": "^2.2.4",
            "discord-api-types": "0.37.83",
            "magic-bytes.js": "^1.10.0",
            "tslib": "^2.6.2",
            "undici": "6.13.0"
          },
          "dependencies": {
            "undici": {
              "version": "6.13.0"
            }
          }
        },
        "@discordjs/util": {
          "version": "1.1.0"
        },
        "discord-api-types": {
          "version": "0.37.83"
        },
        "tslib": {
          "version": "2.6.2"
        }
      }
    },
    "@img/sharp-win32-x64": {
      "version": "0.33.5",
      "optional": true
    },
    "@jimp/bmp": {
      "version": "0.16.13",
      "requires": {
        "@babel/runtime": "^7.7.2",
        "@jimp/utils": "^0.16.13",
        "bmp-js": "^0.1.0"
      }
    },
    "@jimp/core": {
      "version": "0.16.13",
      "requires": {
        "@babel/runtime": "^7.7.2",
        "@jimp/utils": "^0.16.13",
        "any-base": "^1.1.0",
        "buffer": "^5.2.0",
        "exif-parser": "^0.1.12",
        "file-type": "^16.5.4",
        "load-bmfont": "^1.3.1",
        "mkdirp": "^0.5.1",
        "phin": "^2.9.1",
        "pixelmatch": "^4.0.2",
        "tinycolor2": "^1.4.1"
      }
    },
    "@jimp/custom": {
      "version": "0.16.13",
      "requires": {
        "@babel/runtime": "^7.7.2",
        "@jimp/core": "^0.16.13"
      }
    },
    "@jimp/gif": {
      "version": "0.16.13",
      "requires": {
        "@babel/runtime": "^7.7.2",
        "@jimp/utils": "^0.16.13",
        "gifwrap": "^0.9.2",
        "omggif": "^1.0.9"
      }
    },
    "@jimp/jpeg": {
      "version": "0.16.13",
      "requires": {
        "@babel/runtime": "^7.7.2",
        "@jimp/utils": "^0.16.13",
        "jpeg-js": "^0.4.2"
      }
    },
    "@jimp/plugin-resize": {
      "version": "0.16.13",
      "requires": {
        "@babel/runtime": "^7.7.2",
        "@jimp/utils": "^0.16.13"
      }
    },
    "@jimp/png": {
      "version": "0.16.13",
      "requires": {
        "@babel/runtime": "^7.7.2",
        "@jimp/utils": "^0.16.13",
        "pngjs": "^3.3.3"
      }
    },
    "@jimp/tiff": {
      "version": "0.16.13",
      "requires": {
        "@babel/runtime": "^7.7.2",
        "utif": "^2.0.1"
      }
    },
    "@jimp/types": {
      "version": "0.16.13",
      "requires": {
        "@babel/runtime": "^7.7.2",
        "@jimp/bmp": "^0.16.13",
        "@jimp/gif": "^0.16.13",
        "@jimp/jpeg": "^0.16.13",
        "@jimp/png": "^0.16.13",
        "@jimp/tiff": "^0.16.13",
        "timm": "^1.6.1"
      }
    },
    "@jimp/utils": {
      "version": "0.16.13",
      "requires": {
        "@babel/runtime": "^7.7.2",
        "regenerator-runtime": "^0.13.3"
      },
      "dependencies": {
        "regenerator-runtime": {
          "version": "0.13.11"
        }
      }
    },
    "@sapphire/async-queue": {
      "version": "1.5.2"
    },
    "@sapphire/shapeshift": {
      "version": "4.0.0",
      "requires": {
        "fast-deep-equal": "^3.1.3",
        "lodash": "^4.17.21"
      }
    },
    "@sapphire/snowflake": {
      "version": "3.5.3"
    },
    "@tokenizer/token": {
      "version": "0.3.0"
    },
    "@types/ms": {
      "version": "0.7.34",
      "resolved": "https://registry.npmjs.org/@types/ms/-/ms-0.7.34.tgz",
      "integrity": "sha512-nG96G3Wp6acyAgJqGasjODb+acrI7KltPiRxzHPXnP3NgI28bpQDRv53olbqGXbfcgF5aiiHmO3xpwEpS5Ld9g==",
      "dev": true
    },
    "@types/node": {
      "version": "20.12.12",
      "dev": true,
      "requires": {
        "undici-types": "~5.26.4"
      }
    },
    "@types/ws": {
      "version": "8.5.10",
      "requires": {
        "@types/node": "*"
      },
      "dependencies": {
        "@types/node": {
          "version": "20.11.5",
          "requires": {
            "undici-types": "~5.26.4"
          }
        }
      }
    },
    "@vibrant/color": {
      "version": "3.2.1-alpha.1"
    },
    "@vibrant/core": {
      "version": "3.2.1-alpha.1",
      "requires": {
        "@vibrant/color": "^3.2.1-alpha.1",
        "@vibrant/generator": "^3.2.1-alpha.1",
        "@vibrant/image": "^3.2.1-alpha.1",
        "@vibrant/quantizer": "^3.2.1-alpha.1",
        "@vibrant/types": "^3.2.1-alpha.1",
        "@vibrant/worker": "^3.2.1-alpha.1"
      }
    },
    "@vibrant/generator": {
      "version": "3.2.1-alpha.1",
      "requires": {
        "@vibrant/color": "^3.2.1-alpha.1",
        "@vibrant/types": "^3.2.1-alpha.1"
      }
    },
    "@vibrant/generator-default": {
      "version": "3.2.1-alpha.1",
      "requires": {
        "@vibrant/color": "^3.2.1-alpha.1",
        "@vibrant/generator": "^3.2.1-alpha.1"
      }
    },
    "@vibrant/image": {
      "version": "3.2.1-alpha.1",
      "requires": {
        "@vibrant/color": "^3.2.1-alpha.1",
        "@vibrant/types": "^3.2.1-alpha.1"
      }
    },
    "@vibrant/image-browser": {
      "version": "3.2.1-alpha.1",
      "requires": {
        "@vibrant/image": "^3.2.1-alpha.1"
      }
    },
    "@vibrant/image-node": {
      "version": "3.2.1-alpha.1",
      "requires": {
        "@jimp/custom": "^0.16.1",
        "@jimp/plugin-resize": "^0.16.1",
        "@jimp/types": "^0.16.1",
        "@vibrant/image": "^3.2.1-alpha.1"
      }
    },
    "@vibrant/quantizer": {
      "version": "3.2.1-alpha.1",
      "requires": {
        "@vibrant/color": "^3.2.1-alpha.1",
        "@vibrant/image": "^3.2.1-alpha.1",
        "@vibrant/types": "^3.2.1-alpha.1"
      }
    },
    "@vibrant/quantizer-mmcq": {
      "version": "3.2.1-alpha.1",
      "requires": {
        "@vibrant/color": "^3.2.1-alpha.1",
        "@vibrant/image": "^3.2.1-alpha.1",
        "@vibrant/quantizer": "^3.2.1-alpha.1"
      }
    },
    "@vibrant/types": {
      "version": "3.2.1-alpha.1"
    },
    "@vibrant/worker": {
      "version": "3.2.1-alpha.1",
      "requires": {
        "@vibrant/types": "^3.2.1-alpha.1"
      }
    },
    "@vladfrangu/async_event_emitter": {
      "version": "2.2.4"
    },
    "any-base": {
      "version": "1.1.0"
    },
    "base64-js": {
      "version": "1.5.1"
    },
    "bmp-js": {
      "version": "0.1.0"
    },
    "buffer": {
      "version": "5.7.1",
      "requires": {
        "base64-js": "^1.3.1",
        "ieee754": "^1.1.13"
      }
    },
    "buffer-equal": {
      "version": "0.0.1"
    },
    "bun-types": {
      "version": "1.1.27",
      "dev": true,
      "requires": {
        "@types/node": "~20.12.8",
        "@types/ws": "~8.5.10"
      }
    },
    "call-bind": {
      "version": "1.0.5",
      "requires": {
        "function-bind": "^1.1.2",
        "get-intrinsic": "^1.2.1",
        "set-function-length": "^1.1.1"
      }
    },
    "color": {
      "version": "4.2.3",
      "requires": {
        "color-convert": "^2.0.1",
        "color-string": "^1.9.0"
      }
    },
    "color-convert": {
      "version": "2.0.1",
      "requires": {
        "color-name": "~1.1.4"
      }
    },
    "color-name": {
      "version": "1.1.4"
    },
    "color-string": {
      "version": "1.9.1",
      "requires": {
        "color-name": "^1.0.0",
        "simple-swizzle": "^0.2.2"
      }
    },
    "define-data-property": {
      "version": "1.1.1",
      "requires": {
        "get-intrinsic": "^1.2.1",
        "gopd": "^1.0.1",
        "has-property-descriptors": "^1.0.0"
      }
    },
    "detect-libc": {
      "version": "2.0.3"
    },
    "discord-api-types": {
      "version": "0.37.97"
    },
    "discord.js": {
      "version": "14.16.1",
      "requires": {
        "@discordjs/builders": "^1.9.0",
        "@discordjs/collection": "1.5.3",
        "@discordjs/formatters": "^0.5.0",
        "@discordjs/rest": "^2.4.0",
        "@discordjs/util": "^1.1.1",
        "@discordjs/ws": "1.1.1",
        "@sapphire/snowflake": "3.5.3",
        "discord-api-types": "0.37.97",
        "fast-deep-equal": "3.1.3",
        "lodash.snakecase": "4.1.1",
        "tslib": "^2.6.3",
        "undici": "6.19.8"
      }
    },
    "dom-walk": {
      "version": "0.1.2"
    },
    "exif-parser": {
      "version": "0.1.12"
    },
    "fast-deep-equal": {
      "version": "3.1.3"
    },
    "file-type": {
      "version": "16.5.4",
      "requires": {
        "readable-web-to-node-stream": "^3.0.0",
        "strtok3": "^6.2.4",
        "token-types": "^4.1.1"
      }
    },
    "function-bind": {
      "version": "1.1.2"
    },
    "get-intrinsic": {
      "version": "1.2.2",
      "requires": {
        "function-bind": "^1.1.2",
        "has-proto": "^1.0.1",
        "has-symbols": "^1.0.3",
        "hasown": "^2.0.0"
      }
    },
    "gifwrap": {
      "version": "0.9.4",
      "requires": {
        "image-q": "^4.0.0",
        "omggif": "^1.0.10"
      }
    },
    "global": {
      "version": "4.4.0",
      "requires": {
        "min-document": "^2.19.0",
        "process": "^0.11.10"
      }
    },
    "gopd": {
      "version": "1.0.1",
      "requires": {
        "get-intrinsic": "^1.1.3"
      }
    },
    "has-property-descriptors": {
      "version": "1.0.1",
      "requires": {
        "get-intrinsic": "^1.2.2"
      }
    },
    "has-proto": {
      "version": "1.0.1"
    },
    "has-symbols": {
      "version": "1.0.3"
    },
    "hasown": {
      "version": "2.0.0",
      "requires": {
        "function-bind": "^1.1.2"
      }
    },
    "ieee754": {
      "version": "1.2.1"
    },
    "image-q": {
      "version": "4.0.0",
      "requires": {
        "@types/node": "16.9.1"
      },
      "dependencies": {
        "@types/node": {
          "version": "16.9.1"
        }
      }
    },
    "inherits": {
      "version": "2.0.4"
    },
    "is-arrayish": {
      "version": "0.3.2"
    },
    "is-function": {
      "version": "1.0.2"
    },
    "jpeg-js": {
      "version": "0.4.4"
    },
    "load-bmfont": {
      "version": "1.4.1",
      "requires": {
        "buffer-equal": "0.0.1",
        "mime": "^1.3.4",
        "parse-bmfont-ascii": "^1.0.3",
        "parse-bmfont-binary": "^1.0.5",
        "parse-bmfont-xml": "^1.1.4",
        "phin": "^2.9.1",
        "xhr": "^2.0.1",
        "xtend": "^4.0.0"
      }
    },
    "lodash": {
      "version": "4.17.21"
    },
    "lodash.snakecase": {
      "version": "4.1.1"
    },
    "magic-bytes.js": {
      "version": "1.10.0"
    },
    "mime": {
      "version": "1.6.0"
    },
    "min-document": {
      "version": "2.19.0",
      "requires": {
        "dom-walk": "^0.1.0"
      }
    },
    "minimist": {
      "version": "1.2.8"
    },
    "mkdirp": {
      "version": "0.5.6",
      "requires": {
        "minimist": "^1.2.6"
      }
    },
    "ms": {
      "version": "2.1.3"
    },
    "node-vibrant": {
      "version": "3.2.1-alpha.1",
      "requires": {
        "@types/node": "^10.12.18",
        "@vibrant/core": "^3.2.1-alpha.1",
        "@vibrant/generator-default": "^3.2.1-alpha.1",
        "@vibrant/image-browser": "^3.2.1-alpha.1",
        "@vibrant/image-node": "^3.2.1-alpha.1",
        "@vibrant/quantizer-mmcq": "^3.2.1-alpha.1",
        "url": "^0.11.0"
      },
      "dependencies": {
        "@types/node": {
          "version": "10.17.60"
        }
      }
    },
    "object-inspect": {
      "version": "1.13.1"
    },
    "omggif": {
      "version": "1.0.10"
    },
    "pako": {
      "version": "1.0.11"
    },
    "parse-bmfont-ascii": {
      "version": "1.0.6"
    },
    "parse-bmfont-binary": {
      "version": "1.0.6"
    },
    "parse-bmfont-xml": {
      "version": "1.1.4",
      "requires": {
        "xml-parse-from-string": "^1.0.0",
        "xml2js": "^0.4.5"
      }
    },
    "parse-headers": {
      "version": "2.0.5"
    },
    "peek-readable": {
      "version": "4.1.0"
    },
    "phin": {
      "version": "2.9.3"
    },
    "pixelmatch": {
      "version": "4.0.2",
      "requires": {
        "pngjs": "^3.0.0"
      }
    },
    "pngjs": {
      "version": "3.4.0"
    },
    "process": {
      "version": "0.11.10"
    },
    "punycode": {
      "version": "1.4.1"
    },
    "qs": {
      "version": "6.11.2",
      "requires": {
        "side-channel": "^1.0.4"
      }
    },
    "readable-stream": {
      "version": "3.6.2",
      "requires": {
        "inherits": "^2.0.3",
        "string_decoder": "^1.1.1",
        "util-deprecate": "^1.0.1"
      }
    },
    "readable-web-to-node-stream": {
      "version": "3.0.2",
      "requires": {
        "readable-stream": "^3.6.0"
      }
    },
    "regenerator-runtime": {
      "version": "0.14.1"
    },
    "safe-buffer": {
      "version": "5.2.1"
    },
    "sax": {
      "version": "1.3.0"
    },
    "semver": {
      "version": "7.6.3"
    },
    "set-function-length": {
      "version": "1.2.0",
      "requires": {
        "define-data-property": "^1.1.1",
        "function-bind": "^1.1.2",
        "get-intrinsic": "^1.2.2",
        "gopd": "^1.0.1",
        "has-property-descriptors": "^1.0.1"
      }
    },
    "sharp": {
      "version": "0.33.5",
      "requires": {
        "@img/sharp-darwin-arm64": "0.33.5",
        "@img/sharp-darwin-x64": "0.33.5",
        "@img/sharp-libvips-darwin-arm64": "1.0.4",
        "@img/sharp-libvips-darwin-x64": "1.0.4",
        "@img/sharp-libvips-linux-arm": "1.0.5",
        "@img/sharp-libvips-linux-arm64": "1.0.4",
        "@img/sharp-libvips-linux-s390x": "1.0.4",
        "@img/sharp-libvips-linux-x64": "1.0.4",
        "@img/sharp-libvips-linuxmusl-arm64": "1.0.4",
        "@img/sharp-libvips-linuxmusl-x64": "1.0.4",
        "@img/sharp-linux-arm": "0.33.5",
        "@img/sharp-linux-arm64": "0.33.5",
        "@img/sharp-linux-s390x": "0.33.5",
        "@img/sharp-linux-x64": "0.33.5",
        "@img/sharp-linuxmusl-arm64": "0.33.5",
        "@img/sharp-linuxmusl-x64": "0.33.5",
        "@img/sharp-wasm32": "0.33.5",
        "@img/sharp-win32-ia32": "0.33.5",
        "@img/sharp-win32-x64": "0.33.5",
        "color": "^4.2.3",
        "detect-libc": "^2.0.3",
        "semver": "^7.6.3"
      }
    },
    "side-channel": {
      "version": "1.0.4",
      "requires": {
        "call-bind": "^1.0.0",
        "get-intrinsic": "^1.0.2",
        "object-inspect": "^1.9.0"
      }
    },
    "simple-swizzle": {
      "version": "0.2.2",
      "requires": {
        "is-arrayish": "^0.3.1"
      }
    },
    "string_decoder": {
      "version": "1.3.0",
      "requires": {
        "safe-buffer": "~5.2.0"
      }
    },
    "strtok3": {
      "version": "6.3.0",
      "requires": {
        "@tokenizer/token": "^0.3.0",
        "peek-readable": "^4.1.0"
      }
    },
    "timm": {
      "version": "1.7.1"
    },
    "tinycolor2": {
      "version": "1.6.0"
    },
    "token-types": {
      "version": "4.2.1",
      "requires": {
        "@tokenizer/token": "^0.3.0",
        "ieee754": "^1.2.1"
      }
    },
    "ts-mixer": {
      "version": "6.0.4"
    },
    "tslib": {
      "version": "2.7.0"
    },
    "typescript": {
      "version": "5.5.4",
      "dev": true
    },
    "undici": {
      "version": "6.19.8"
    },
    "undici-types": {
      "version": "5.26.5"
    },
    "url": {
      "version": "0.11.3",
      "requires": {
        "punycode": "^1.4.1",
        "qs": "^6.11.2"
      }
    },
    "utif": {
      "version": "2.0.1",
      "requires": {
        "pako": "^1.0.5"
      }
    },
    "util-deprecate": {
      "version": "1.0.2"
    },
    "ws": {
      "version": "8.17.0",
      "requires": {}
    },
    "xhr": {
      "version": "2.6.0",
      "requires": {
        "global": "~4.4.0",
        "is-function": "^1.0.1",
        "parse-headers": "^2.0.0",
        "xtend": "^4.0.0"
      }
    },
    "xml-parse-from-string": {
      "version": "1.0.1"
    },
    "xml2js": {
      "version": "0.4.23",
      "requires": {
        "sax": ">=0.6.0",
        "xmlbuilder": "~11.0.0"
      }
    },
    "xmlbuilder": {
      "version": "11.0.1"
    },
    "xtend": {
      "version": "4.0.2"
    }
  }
}
